
Microsoft Visual Studio Solution File, Format Version 12.00
# Visual Studio Version 16
VisualStudioVersion = 16.0.30611.23
MinimumVisualStudioVersion = 10.0.40219.1
Project("{9A19103F-16F7-4668-BE54-9A1E7A4F7556}") = "Logic", "Logic\Logic.csproj", "{2F53B7CC-EEFB-4FC9-8970-74CB92B74802}"
EndProject
Project("{9A19103F-16F7-4668-BE54-9A1E7A4F7556}") = "UI", "UI\UI.csproj", "{0F805BC0-2601-48F1-82D2-031E99C6E009}"
EndProject
Project("{9A19103F-16F7-4668-BE54-9A1E7A4F7556}") = "User-Interface", "User-Interface\User-Interface.csproj", "{45B8886D-D929-43D7-B1EC-314C1F547ACE}"
EndProject
Project("{FAE04EC0-301F-11D3-BF4B-00C04F79EFBC}") = "Checkers", "Checkers\Checkers.csproj", "{F5887A58-C983-448C-9931-6E93402BDBBA}"
EndProject
Global
	GlobalSection(SolutionConfigurationPlatforms) = preSolution
		Debug|Any CPU = Debug|Any CPU
		Release|Any CPU = Release|Any CPU
	EndGlobalSection
	GlobalSection(ProjectConfigurationPlatforms) = postSolution
		{2F53B7CC-EEFB-4FC9-8970-74CB92B74802}.Debug|Any CPU.ActiveCfg = Debug|Any CPU
		{2F53B7CC-EEFB-4FC9-8970-74CB92B74802}.Debug|Any CPU.Build.0 = Debug|Any CPU
		{2F53B7CC-EEFB-4FC9-8970-74CB92B74802}.Release|Any CPU.ActiveCfg = Release|Any CPU
		{2F53B7CC-EEFB-4FC9-8970-74CB92B74802}.Release|Any CPU.Build.0 = Release|Any CPU
		{0F805BC0-2601-48F1-82D2-031E99C6E009}.Debug|Any CPU.ActiveCfg = Debug|Any CPU
		{0F805BC0-2601-48F1-82D2-031E99C6E009}.Debug|Any CPU.Build.0 = Debug|Any CPU
		{0F805BC0-2601-48F1-82D2-031E99C6E009}.Release|Any CPU.ActiveCfg = Release|Any CPU
		{0F805BC0-2601-48F1-82D2-031E99C6E009}.Release|Any CPU.Build.0 = Release|Any CPU
		{45B8886D-D929-43D7-B1EC-314C1F547ACE}.Debug|Any CPU.ActiveCfg = Debug|Any CPU
		{45B8886D-D929-43D7-B1EC-314C1F547ACE}.Debug|Any CPU.Build.0 = Debug|Any CPU
		{45B8886D-D929-43D7-B1EC-314C1F547ACE}.Release|Any CPU.ActiveCfg = Release|Any CPU
		{45B8886D-D929-43D7-B1EC-314C1F547ACE}.Release|Any CPU.Build.0 = Release|Any CPU
		{F5887A58-C983-448C-9931-6E93402BDBBA}.Debug|Any CPU.ActiveCfg = Debug|Any CPU
		{F5887A58-C983-448C-9931-6E93402BDBBA}.Debug|Any CPU.Build.0 = Debug|Any CPU
		{F5887A58-C983-448C-9931-6E93402BDBBA}.Release|Any CPU.ActiveCfg = Release|Any CPU
		{F5887A58-C983-448C-9931-6E93402BDBBA}.Release|Any CPU.Build.0 = Release|Any CPU
	EndGlobalSection
	GlobalSection(SolutionProperties) = preSolution
		HideSolutionNode = FALSE
	EndGlobalSection
	GlobalSection(ExtensibilityGlobals) = postSolution
		SolutionGuid = {C7FF0A82-2143-4ECE-99EF-638E83E3056D}
	EndGlobalSection
EndGlobal
